
Microsoft Visual Studio Solution File, Format Version 12.00
# Visual Studio 15
VisualStudioVersion = 15.0.27004.2002
MinimumVisualStudioVersion = 10.0.40219.1
Project("{FAE04EC0-301F-11D3-BF4B-00C04F79EFBC}") = "BordersFilters", "BordersFilters\BordersFilters.csproj", "{ACF7898D-48CF-4A20-9C99-B0B1C3128B0D}"
EndProject
Global
	GlobalSection(SolutionConfigurationPlatforms) = preSolution
		Debug|Any CPU = Debug|Any CPU
		Release|Any CPU = Release|Any CPU
	EndGlobalSection
	GlobalSection(ProjectConfigurationPlatforms) = postSolution
		{ACF7898D-48CF-4A20-9C99-B0B1C3128B0D}.Debug|Any CPU.ActiveCfg = Debug|Any CPU
		{ACF7898D-48CF-4A20-9C99-B0B1C3128B0D}.Debug|Any CPU.Build.0 = Debug|Any CPU
		{ACF7898D-48CF-4A20-9C99-B0B1C3128B0D}.Release|Any CPU.ActiveCfg = Release|Any CPU
		{ACF7898D-48CF-4A20-9C99-B0B1C3128B0D}.Release|Any CPU.Build.0 = Release|Any CPU
	EndGlobalSection
	GlobalSection(SolutionProperties) = preSolution
		HideSolutionNode = FALSE
	EndGlobalSection
	GlobalSection(ExtensibilityGlobals) = postSolution
		SolutionGuid = {76D95935-9750-49E9-B8F8-ED64C8F7A9D4}
	EndGlobalSection
EndGlobal
